
Microsoft Visual Studio Solution File, Format Version 12.00
# Visual Studio Version 17
VisualStudioVersion = 17.9.34728.123
MinimumVisualStudioVersion = 10.0.40219.1
Project("{FAE04EC0-301F-11D3-BF4B-00C04F79EFBC}") = "tp-web-equipo-19", "tp-web-equipo-19.csproj", "{0BBDEFDF-E59D-4449-B278-BDB9BB50EE84}"
EndProject
Project("{FAE04EC0-301F-11D3-BF4B-00C04F79EFBC}") = "E-Commerce_Models", "..\E-Commerce_Models\E-Commerce_Models.csproj", "{375E48BB-34B5-45D2-BB9A-7BD1C752A0F5}"
EndProject
Project("{FAE04EC0-301F-11D3-BF4B-00C04F79EFBC}") = "E-Commerce_Controller", "..\E-Commerce_Controller\E-Commerce_Controller.csproj", "{A8230823-FCBA-4AE7-9BC1-1B7DF6DB0B43}"
EndProject
Project("{FAE04EC0-301F-11D3-BF4B-00C04F79EFBC}") = "E-Commerce_Negocio", "..\E-Commerce_Negocio\E-Commerce_Negocio.csproj", "{B78B5243-7085-4AC8-8FBA-F0198C263745}"
EndProject
Global
	GlobalSection(SolutionConfigurationPlatforms) = preSolution
		Debug|Any CPU = Debug|Any CPU
		Release|Any CPU = Release|Any CPU
	EndGlobalSection
	GlobalSection(ProjectConfigurationPlatforms) = postSolution
		{0BBDEFDF-E59D-4449-B278-BDB9BB50EE84}.Debug|Any CPU.ActiveCfg = Debug|Any CPU
		{0BBDEFDF-E59D-4449-B278-BDB9BB50EE84}.Debug|Any CPU.Build.0 = Debug|Any CPU
		{0BBDEFDF-E59D-4449-B278-BDB9BB50EE84}.Release|Any CPU.ActiveCfg = Release|Any CPU
		{0BBDEFDF-E59D-4449-B278-BDB9BB50EE84}.Release|Any CPU.Build.0 = Release|Any CPU
		{375E48BB-34B5-45D2-BB9A-7BD1C752A0F5}.Debug|Any CPU.ActiveCfg = Debug|Any CPU
		{375E48BB-34B5-45D2-BB9A-7BD1C752A0F5}.Debug|Any CPU.Build.0 = Debug|Any CPU
		{375E48BB-34B5-45D2-BB9A-7BD1C752A0F5}.Release|Any CPU.ActiveCfg = Release|Any CPU
		{375E48BB-34B5-45D2-BB9A-7BD1C752A0F5}.Release|Any CPU.Build.0 = Release|Any CPU
		{A8230823-FCBA-4AE7-9BC1-1B7DF6DB0B43}.Debug|Any CPU.ActiveCfg = Debug|Any CPU
		{A8230823-FCBA-4AE7-9BC1-1B7DF6DB0B43}.Debug|Any CPU.Build.0 = Debug|Any CPU
		{A8230823-FCBA-4AE7-9BC1-1B7DF6DB0B43}.Release|Any CPU.ActiveCfg = Release|Any CPU
		{A8230823-FCBA-4AE7-9BC1-1B7DF6DB0B43}.Release|Any CPU.Build.0 = Release|Any CPU
		{B78B5243-7085-4AC8-8FBA-F0198C263745}.Debug|Any CPU.ActiveCfg = Debug|Any CPU
		{B78B5243-7085-4AC8-8FBA-F0198C263745}.Debug|Any CPU.Build.0 = Debug|Any CPU
		{B78B5243-7085-4AC8-8FBA-F0198C263745}.Release|Any CPU.ActiveCfg = Release|Any CPU
		{B78B5243-7085-4AC8-8FBA-F0198C263745}.Release|Any CPU.Build.0 = Release|Any CPU
	EndGlobalSection
	GlobalSection(SolutionProperties) = preSolution
		HideSolutionNode = FALSE
	EndGlobalSection
	GlobalSection(ExtensibilityGlobals) = postSolution
		SolutionGuid = {1BC508E9-9C7A-447C-A13A-4071FDF6BE24}
	EndGlobalSection
EndGlobal
